
Microsoft Visual Studio Solution File, Format Version 12.00
# Visual Studio Version 16
VisualStudioVersion = 16.0.31005.135
MinimumVisualStudioVersion = 10.0.40219.1
Project("{9A19103F-16F7-4668-BE54-9A1E7A4F7556}") = "TodoListAPI", "TodoListAPI.csproj", "{D3D39647-7217-492E-B9D8-E1EE00E06D7C}"
EndProject
Global
	GlobalSection(SolutionConfigurationPlatforms) = preSolution
		Debug|Any CPU = Debug|Any CPU
		Release|Any CPU = Release|Any CPU
	EndGlobalSection
	GlobalSection(ProjectConfigurationPlatforms) = postSolution
		{D3D39647-7217-492E-B9D8-E1EE00E06D7C}.Debug|Any CPU.ActiveCfg = Debug|Any CPU
		{D3D39647-7217-492E-B9D8-E1EE00E06D7C}.Debug|Any CPU.Build.0 = Debug|Any CPU
		{D3D39647-7217-492E-B9D8-E1EE00E06D7C}.Release|Any CPU.ActiveCfg = Release|Any CPU
		{D3D39647-7217-492E-B9D8-E1EE00E06D7C}.Release|Any CPU.Build.0 = Release|Any CPU
	EndGlobalSection
	GlobalSection(SolutionProperties) = preSolution
		HideSolutionNode = FALSE
	EndGlobalSection
	GlobalSection(ExtensibilityGlobals) = postSolution
		SolutionGuid = {A4F71EA5-B405-4289-A85E-CB882FA2D9C8}
	EndGlobalSection
EndGlobal
