
Microsoft Visual Studio Solution File, Format Version 12.00
# Visual Studio Version 16
VisualStudioVersion = 16.0.29911.84
MinimumVisualStudioVersion = 10.0.40219.1
Project("{9A19103F-16F7-4668-BE54-9A1E7A4F7556}") = "TodoListAPI", "TodoListAPI\TodoListAPI.csproj", "{AD9FD2DB-5ED8-4D44-AD6E-48F5F71D5AD0}"
EndProject
Global
	GlobalSection(SolutionConfigurationPlatforms) = preSolution
		Debug|Any CPU = Debug|Any CPU
		Release|Any CPU = Release|Any CPU
	EndGlobalSection
	GlobalSection(ProjectConfigurationPlatforms) = postSolution
		{AD9FD2DB-5ED8-4D44-AD6E-48F5F71D5AD0}.Debug|Any CPU.ActiveCfg = Debug|Any CPU
		{AD9FD2DB-5ED8-4D44-AD6E-48F5F71D5AD0}.Debug|Any CPU.Build.0 = Debug|Any CPU
		{AD9FD2DB-5ED8-4D44-AD6E-48F5F71D5AD0}.Release|Any CPU.ActiveCfg = Release|Any CPU
		{AD9FD2DB-5ED8-4D44-AD6E-48F5F71D5AD0}.Release|Any CPU.Build.0 = Release|Any CPU
		{0FDE13C8-5B09-4EBE-8094-E779E0A083D2}.Debug|Any CPU.ActiveCfg = Debug|Any CPU
		{0FDE13C8-5B09-4EBE-8094-E779E0A083D2}.Debug|Any CPU.Build.0 = Debug|Any CPU
		{0FDE13C8-5B09-4EBE-8094-E779E0A083D2}.Release|Any CPU.ActiveCfg = Debug|Any CPU
		{0FDE13C8-5B09-4EBE-8094-E779E0A083D2}.Release|Any CPU.Build.0 = Debug|Any CPU
	EndGlobalSection
	GlobalSection(SolutionProperties) = preSolution
		HideSolutionNode = FALSE
	EndGlobalSection
	GlobalSection(ExtensibilityGlobals) = postSolution
		SolutionGuid = {D7640AA6-B3C8-4A60-87CA-0EE71CB58680}
	EndGlobalSection
EndGlobal
