
Microsoft Visual Studio Solution File, Format Version 12.00
# Visual Studio Version 16
VisualStudioVersion = 16.0.31005.135
MinimumVisualStudioVersion = 10.0.40219.1
Project("{9A19103F-16F7-4668-BE54-9A1E7A4F7556}") = "TodoListService", "TodoListService.csproj", "{CF0CD385-BED3-47EB-9C91-D1A8FD963635}"
EndProject
Global
	GlobalSection(SolutionConfigurationPlatforms) = preSolution
		Debug|Any CPU = Debug|Any CPU
		Release|Any CPU = Release|Any CPU
	EndGlobalSection
	GlobalSection(ProjectConfigurationPlatforms) = postSolution
		{CF0CD385-BED3-47EB-9C91-D1A8FD963635}.Debug|Any CPU.ActiveCfg = Debug|Any CPU
		{CF0CD385-BED3-47EB-9C91-D1A8FD963635}.Debug|Any CPU.Build.0 = Debug|Any CPU
		{CF0CD385-BED3-47EB-9C91-D1A8FD963635}.Release|Any CPU.ActiveCfg = Release|Any CPU
		{CF0CD385-BED3-47EB-9C91-D1A8FD963635}.Release|Any CPU.Build.0 = Release|Any CPU
	EndGlobalSection
	GlobalSection(SolutionProperties) = preSolution
		HideSolutionNode = FALSE
	EndGlobalSection
	GlobalSection(ExtensibilityGlobals) = postSolution
		SolutionGuid = {BE6D0C2E-4996-48AC-8F9A-82BD41952F96}
	EndGlobalSection
EndGlobal
