
Microsoft Visual Studio Solution File, Format Version 12.00
# Visual Studio Version 16
VisualStudioVersion = 16.0.31005.135
MinimumVisualStudioVersion = 10.0.40219.1
Project("{9A19103F-16F7-4668-BE54-9A1E7A4F7556}") = "ProfileAPI", "ProfileAPI.csproj", "{F0A51C71-C9A0-43FC-964C-51D3F48015BF}"
EndProject
Project("{FAE04EC0-301F-11D3-BF4B-00C04F79EFBC}") = "ProfileAPI.Tests", "ProfileAPI.Tests\ProfileAPI.Tests.csproj", "{4FC6989B-850F-4556-BFDB-6F7E09C833F6}"
EndProject
Global
	GlobalSection(SolutionConfigurationPlatforms) = preSolution
		Debug|Any CPU = Debug|Any CPU
		Release|Any CPU = Release|Any CPU
	EndGlobalSection
	GlobalSection(ProjectConfigurationPlatforms) = postSolution
		{F0A51C71-C9A0-43FC-964C-51D3F48015BF}.Debug|Any CPU.ActiveCfg = Debug|Any CPU
		{F0A51C71-C9A0-43FC-964C-51D3F48015BF}.Debug|Any CPU.Build.0 = Debug|Any CPU
		{F0A51C71-C9A0-43FC-964C-51D3F48015BF}.Release|Any CPU.ActiveCfg = Release|Any CPU
		{F0A51C71-C9A0-43FC-964C-51D3F48015BF}.Release|Any CPU.Build.0 = Release|Any CPU
		{4FC6989B-850F-4556-BFDB-6F7E09C833F6}.Debug|Any CPU.ActiveCfg = Debug|Any CPU
		{4FC6989B-850F-4556-BFDB-6F7E09C833F6}.Debug|Any CPU.Build.0 = Debug|Any CPU
		{4FC6989B-850F-4556-BFDB-6F7E09C833F6}.Release|Any CPU.ActiveCfg = Release|Any CPU
		{4FC6989B-850F-4556-BFDB-6F7E09C833F6}.Release|Any CPU.Build.0 = Release|Any CPU
	EndGlobalSection
	GlobalSection(SolutionProperties) = preSolution
		HideSolutionNode = FALSE
	EndGlobalSection
	GlobalSection(ExtensibilityGlobals) = postSolution
		SolutionGuid = {8C83F637-2E4B-4C2F-89E0-B09986656747}
	EndGlobalSection
EndGlobal
