
Microsoft Visual Studio Solution File, Format Version 12.00
# Visual Studio Version 16
VisualStudioVersion = 16.0.29009.5
MinimumVisualStudioVersion = 10.0.40219.1
Project("{9A19103F-16F7-4668-BE54-9A1E7A4F7556}") = "Microsoft.Identity.Web.Future", "Microsoft.Identity.Web.Future\Microsoft.Identity.Web.Future.csproj", "{13512A33-57B0-4825-9232-FD61DE922421}"
EndProject
Project("{9A19103F-16F7-4668-BE54-9A1E7A4F7556}") = "TodoListAPI", "TodoListAPI\TodoListAPI.csproj", "{0EB6D611-B3D1-4680-B50B-647C8C34D045}"
EndProject
Project("{FAE04EC0-301F-11D3-BF4B-00C04F79EFBC}") = "TodoListAPI.Tests", "TodoListAPI.Tests\TodoListAPI.Tests.csproj", "{DDCB35B8-AE78-41D1-BD47-D8B98BADB3A1}"
EndProject
Global
	GlobalSection(SolutionConfigurationPlatforms) = preSolution
		Debug|Any CPU = Debug|Any CPU
		Release|Any CPU = Release|Any CPU
	EndGlobalSection
	GlobalSection(ProjectConfigurationPlatforms) = postSolution
		{13512A33-57B0-4825-9232-FD61DE922421}.Debug|Any CPU.ActiveCfg = Debug|Any CPU
		{13512A33-57B0-4825-9232-FD61DE922421}.Debug|Any CPU.Build.0 = Debug|Any CPU
		{13512A33-57B0-4825-9232-FD61DE922421}.Release|Any CPU.ActiveCfg = Release|Any CPU
		{13512A33-57B0-4825-9232-FD61DE922421}.Release|Any CPU.Build.0 = Release|Any CPU
		{0EB6D611-B3D1-4680-B50B-647C8C34D045}.Debug|Any CPU.ActiveCfg = Debug|Any CPU
		{0EB6D611-B3D1-4680-B50B-647C8C34D045}.Debug|Any CPU.Build.0 = Debug|Any CPU
		{0EB6D611-B3D1-4680-B50B-647C8C34D045}.Release|Any CPU.ActiveCfg = Release|Any CPU
		{0EB6D611-B3D1-4680-B50B-647C8C34D045}.Release|Any CPU.Build.0 = Release|Any CPU
		{DDCB35B8-AE78-41D1-BD47-D8B98BADB3A1}.Debug|Any CPU.ActiveCfg = Debug|Any CPU
		{DDCB35B8-AE78-41D1-BD47-D8B98BADB3A1}.Debug|Any CPU.Build.0 = Debug|Any CPU
		{DDCB35B8-AE78-41D1-BD47-D8B98BADB3A1}.Release|Any CPU.ActiveCfg = Release|Any CPU
		{DDCB35B8-AE78-41D1-BD47-D8B98BADB3A1}.Release|Any CPU.Build.0 = Release|Any CPU
	EndGlobalSection
	GlobalSection(SolutionProperties) = preSolution
		HideSolutionNode = FALSE
	EndGlobalSection
	GlobalSection(ExtensibilityGlobals) = postSolution
		SolutionGuid = {5A9A2601-8CEB-4475-9E95-43A5438B71CD}
	EndGlobalSection
EndGlobal
