
Microsoft Visual Studio Solution File, Format Version 12.00
# Visual Studio Version 16
VisualStudioVersion = 16.0.31005.135
MinimumVisualStudioVersion = 10.0.40219.1
Project("{9A19103F-16F7-4668-BE54-9A1E7A4F7556}") = "TodoListAPI.Tests", "TodoListAPI.Tests\TodoListAPI.Tests.csproj", "{ED40B596-FC4A-4BBF-948B-68D0BAE70299}"
EndProject
Project("{9A19103F-16F7-4668-BE54-9A1E7A4F7556}") = "TodoListAPI", "TodoListAPI\TodoListAPI.csproj", "{C82EE059-1ABB-4B5A-9907-770EF562F946}"
EndProject
Global
	GlobalSection(SolutionConfigurationPlatforms) = preSolution
		Debug|Any CPU = Debug|Any CPU
		Release|Any CPU = Release|Any CPU
	EndGlobalSection
	GlobalSection(ProjectConfigurationPlatforms) = postSolution
		{ED40B596-FC4A-4BBF-948B-68D0BAE70299}.Debug|Any CPU.ActiveCfg = Debug|Any CPU
		{ED40B596-FC4A-4BBF-948B-68D0BAE70299}.Debug|Any CPU.Build.0 = Debug|Any CPU
		{ED40B596-FC4A-4BBF-948B-68D0BAE70299}.Release|Any CPU.ActiveCfg = Release|Any CPU
		{ED40B596-FC4A-4BBF-948B-68D0BAE70299}.Release|Any CPU.Build.0 = Release|Any CPU
		{C82EE059-1ABB-4B5A-9907-770EF562F946}.Debug|Any CPU.ActiveCfg = Debug|Any CPU
		{C82EE059-1ABB-4B5A-9907-770EF562F946}.Debug|Any CPU.Build.0 = Debug|Any CPU
		{C82EE059-1ABB-4B5A-9907-770EF562F946}.Release|Any CPU.ActiveCfg = Release|Any CPU
		{C82EE059-1ABB-4B5A-9907-770EF562F946}.Release|Any CPU.Build.0 = Release|Any CPU
	EndGlobalSection
	GlobalSection(SolutionProperties) = preSolution
		HideSolutionNode = FALSE
	EndGlobalSection
	GlobalSection(ExtensibilityGlobals) = postSolution
		SolutionGuid = {10F069FB-DCC7-48B6-9575-4B6C47FFD4C8}
	EndGlobalSection
EndGlobal
