
Microsoft Visual Studio Solution File, Format Version 12.00
# Visual Studio Version 16
VisualStudioVersion = 16.0.31005.135
MinimumVisualStudioVersion = 10.0.40219.1
Project("{9A19103F-16F7-4668-BE54-9A1E7A4F7556}") = "TodoListAPI", "TodoListAPI.csproj", "{500593F6-974A-4DE2-9C7C-E7BA12DC1E00}"
EndProject
Project("{FAE04EC0-301F-11D3-BF4B-00C04F79EFBC}") = "TodoListAPI.Tests", "TodoListAPI.Tests\TodoListAPI.Tests.csproj", "{ED40B596-FC4A-4BBF-948B-68D0BAE70299}"
EndProject
Global
	GlobalSection(SolutionConfigurationPlatforms) = preSolution
		Debug|Any CPU = Debug|Any CPU
		Release|Any CPU = Release|Any CPU
	EndGlobalSection
	GlobalSection(ProjectConfigurationPlatforms) = postSolution
		{500593F6-974A-4DE2-9C7C-E7BA12DC1E00}.Debug|Any CPU.ActiveCfg = Debug|Any CPU
		{500593F6-974A-4DE2-9C7C-E7BA12DC1E00}.Debug|Any CPU.Build.0 = Debug|Any CPU
		{500593F6-974A-4DE2-9C7C-E7BA12DC1E00}.Release|Any CPU.ActiveCfg = Release|Any CPU
		{500593F6-974A-4DE2-9C7C-E7BA12DC1E00}.Release|Any CPU.Build.0 = Release|Any CPU
		{ED40B596-FC4A-4BBF-948B-68D0BAE70299}.Debug|Any CPU.ActiveCfg = Debug|Any CPU
		{ED40B596-FC4A-4BBF-948B-68D0BAE70299}.Debug|Any CPU.Build.0 = Debug|Any CPU
		{ED40B596-FC4A-4BBF-948B-68D0BAE70299}.Release|Any CPU.ActiveCfg = Release|Any CPU
		{ED40B596-FC4A-4BBF-948B-68D0BAE70299}.Release|Any CPU.Build.0 = Release|Any CPU
	EndGlobalSection
	GlobalSection(SolutionProperties) = preSolution
		HideSolutionNode = FALSE
	EndGlobalSection
	GlobalSection(ExtensibilityGlobals) = postSolution
		SolutionGuid = {10F069FB-DCC7-48B6-9575-4B6C47FFD4C8}
	EndGlobalSection
EndGlobal
