
Microsoft Visual Studio Solution File, Format Version 12.00
# Visual Studio Version 16
VisualStudioVersion = 16.0.31005.135
MinimumVisualStudioVersion = 10.0.40219.1
Project("{9A19103F-16F7-4668-BE54-9A1E7A4F7556}") = "TodoListAPI", "TodoListAPI.csproj", "{4145DED5-517F-482C-B159-9BE2FBB8DA66}"
EndProject
Global
	GlobalSection(SolutionConfigurationPlatforms) = preSolution
		Debug|Any CPU = Debug|Any CPU
		Release|Any CPU = Release|Any CPU
	EndGlobalSection
	GlobalSection(ProjectConfigurationPlatforms) = postSolution
		{4145DED5-517F-482C-B159-9BE2FBB8DA66}.Debug|Any CPU.ActiveCfg = Debug|Any CPU
		{4145DED5-517F-482C-B159-9BE2FBB8DA66}.Debug|Any CPU.Build.0 = Debug|Any CPU
		{4145DED5-517F-482C-B159-9BE2FBB8DA66}.Release|Any CPU.ActiveCfg = Release|Any CPU
		{4145DED5-517F-482C-B159-9BE2FBB8DA66}.Release|Any CPU.Build.0 = Release|Any CPU
	EndGlobalSection
	GlobalSection(SolutionProperties) = preSolution
		HideSolutionNode = FALSE
	EndGlobalSection
	GlobalSection(ExtensibilityGlobals) = postSolution
		SolutionGuid = {2C57F194-B8FE-4137-B23A-A89667A56534}
	EndGlobalSection
EndGlobal
